
Microsoft Visual Studio Solution File, Format Version 12.00
# Visual Studio Version 16
VisualStudioVersion = 16.0.28922.388
MinimumVisualStudioVersion = 10.0.40219.1
Project("{FAE04EC0-301F-11D3-BF4B-00C04F79EFBC}") = "AreaVolumeAdam", "AreaVolumeAdam\AreaVolumeAdam.csproj", "{BAA4A942-B801-4006-8ABA-4E937EC0ADBB}"
EndProject
Global
	GlobalSection(SolutionConfigurationPlatforms) = preSolution
		Debug|Any CPU = Debug|Any CPU
		Release|Any CPU = Release|Any CPU
	EndGlobalSection
	GlobalSection(ProjectConfigurationPlatforms) = postSolution
		{BAA4A942-B801-4006-8ABA-4E937EC0ADBB}.Debug|Any CPU.ActiveCfg = Debug|Any CPU
		{BAA4A942-B801-4006-8ABA-4E937EC0ADBB}.Debug|Any CPU.Build.0 = Debug|Any CPU
		{BAA4A942-B801-4006-8ABA-4E937EC0ADBB}.Release|Any CPU.ActiveCfg = Release|Any CPU
		{BAA4A942-B801-4006-8ABA-4E937EC0ADBB}.Release|Any CPU.Build.0 = Release|Any CPU
	EndGlobalSection
	GlobalSection(SolutionProperties) = preSolution
		HideSolutionNode = FALSE
	EndGlobalSection
	GlobalSection(ExtensibilityGlobals) = postSolution
		SolutionGuid = {8AF284B3-2515-4405-9281-F4E2EF2041C6}
	EndGlobalSection
EndGlobal
